// !$*UTF8*$!
{
	archiveVersion = 1;
	classes = {
	};
	objectVersion = 46;
	objects = {

/* Begin PBXBuildFile section */
		4D030C8A19F6AFDC00D396FF /* AppDelegate.swift in Sources */ = {isa = PBXBuildFile; fileRef = 4D030C8919F6AFDC00D396FF /* AppDelegate.swift */; };
		4D030C8C19F6AFDC00D396FF /* ViewController.swift in Sources */ = {isa = PBXBuildFile; fileRef = 4D030C8B19F6AFDC00D396FF /* ViewController.swift */; };
		4D030C8F19F6AFDC00D396FF /* Main.storyboard in Resources */ = {isa = PBXBuildFile; fileRef = 4D030C8D19F6AFDC00D396FF /* Main.storyboard */; };
		4D030C9119F6AFDC00D396FF /* Images.xcassets in Resources */ = {isa = PBXBuildFile; fileRef = 4D030C9019F6AFDC00D396FF /* Images.xcassets */; };
		4D030C9419F6AFDC00D396FF /* LaunchScreen.xib in Resources */ = {isa = PBXBuildFile; fileRef = 4D030C9219F6AFDC00D396FF /* LaunchScreen.xib */; };
		4D030CA019F6AFDC00D396FF /* PostcardTests.swift in Sources */ = {isa = PBXBuildFile; fileRef = 4D030C9F19F6AFDC00D396FF /* PostcardTests.swift */; };
		4D030CAA19F6C58600D396FF /* SagradaFamilia.jpeg in Resources */ = {isa = PBXBuildFile; fileRef = 4D030CA919F6C58600D396FF /* SagradaFamilia.jpeg */; };
		4D030CAC19F6CAD600D396FF /* AlbertEinsteinStamp.jpg in Resources */ = {isa = PBXBuildFile; fileRef = 4D030CAB19F6CAD600D396FF /* AlbertEinsteinStamp.jpg */; };
/* End PBXBuildFile section */

/* Begin PBXContainerItemProxy section */
		4D030C9A19F6AFDC00D396FF /* PBXContainerItemProxy */ = {
			isa = PBXContainerItemProxy;
			containerPortal = 4D030C7C19F6AFDB00D396FF /* Project object */;
			proxyType = 1;
			remoteGlobalIDString = 4D030C8319F6AFDB00D396FF;
			remoteInfo = Postcard;
		};
/* End PBXContainerItemProxy section */

/* Begin PBXFileReference section */
		4D030C8419F6AFDB00D396FF /* Postcard.app */ = {isa = PBXFileReference; explicitFileType = wrapper.application; includeInIndex = 0; path = Postcard.app; sourceTree = BUILT_PRODUCTS_DIR; };
		4D030C8819F6AFDC00D396FF /* Info.plist */ = {isa = PBXFileReference; lastKnownFileType = text.plist.xml; path = Info.plist; sourceTree = "<group>"; };
		4D030C8919F6AFDC00D396FF /* AppDelegate.swift */ = {isa = PBXFileReference; lastKnownFileType = sourcecode.swift; path = AppDelegate.swift; sourceTree = "<group>"; };
		4D030C8B19F6AFDC00D396FF /* ViewController.swift */ = {isa = PBXFileReference; lastKnownFileType = sourcecode.swift; path = ViewController.swift; sourceTree = "<group>"; };
		4D030C8E19F6AFDC00D396FF /* Base */ = {isa = PBXFileReference; lastKnownFileType = file.storyboard; name = Base; path = Base.lproj/Main.storyboard; sourceTree = "<group>"; };
		4D030C9019F6AFDC00D396FF /* Images.xcassets */ = {isa = PBXFileReference; lastKnownFileType = folder.assetcatalog; path = Images.xcassets; sourceTree = "<group>"; };
		4D030C9319F6AFDC00D396FF /* Base */ = {isa = PBXFileReference; lastKnownFileType = file.xib; name = Base; path = Base.lproj/LaunchScreen.xib; sourceTree = "<group>"; };
		4D030C9919F6AFDC00D396FF /* PostcardTests.xctest */ = {isa = PBXFileReference; explicitFileType = wrapper.cfbundle; includeInIndex = 0; path = PostcardTests.xctest; sourceTree = BUILT_PRODUCTS_DIR; };
		4D030C9E19F6AFDC00D396FF /* Info.plist */ = {isa = PBXFileReference; lastKnownFileType = text.plist.xml; path = Info.plist; sourceTree = "<group>"; };
		4D030C9F19F6AFDC00D396FF /* PostcardTests.swift */ = {isa = PBXFileReference; lastKnownFileType = sourcecode.swift; path = PostcardTests.swift; sourceTree = "<group>"; };
		4D030CA919F6C58600D396FF /* SagradaFamilia.jpeg */ = {isa = PBXFileReference; lastKnownFileType = image.jpeg; path = SagradaFamilia.jpeg; sourceTree = "<group>"; };
		4D030CAB19F6CAD600D396FF /* AlbertEinsteinStamp.jpg */ = {isa = PBXFileReference; lastKnownFileType = image.jpeg; path = AlbertEinsteinStamp.jpg; sourceTree = "<group>"; };
/* End PBXFileReference section */

/* Begin PBXFrameworksBuildPhase section */
		4D030C8119F6AFDB00D396FF /* Frameworks */ = {
			isa = PBXFrameworksBuildPhase;
			buildActionMask = 2147483647;
			files = (
			);
			runOnlyForDeploymentPostprocessing = 0;
		};
		4D030C9619F6AFDC00D396FF /* Frameworks */ = {
			isa = PBXFrameworksBuildPhase;
			buildActionMask = 2147483647;
			files = (
			);
			runOnlyForDeploymentPostprocessing = 0;
		};
/* End PBXFrameworksBuildPhase section */

/* Begin PBXGroup section */
		4D030C7B19F6AFDB00D396FF = {
			isa = PBXGroup;
			children = (
				4D030C8619F6AFDB00D396FF /* Postcard */,
				4D030C9C19F6AFDC00D396FF /* PostcardTests */,
				4D030C8519F6AFDB00D396FF /* Products */,
			);
			sourceTree = "<group>";
		};
		4D030C8519F6AFDB00D396FF /* Products */ = {
			isa = PBXGroup;
			children = (
				4D030C8419F6AFDB00D396FF /* Postcard.app */,
				4D030C9919F6AFDC00D396FF /* PostcardTests.xctest */,
			);
			name = Products;
			sourceTree = "<group>";
		};
		4D030C8619F6AFDB00D396FF /* Postcard */ = {
			isa = PBXGroup;
			children = (
				4D030C8919F6AFDC00D396FF /* AppDelegate.swift */,
				4D030C8B19F6AFDC00D396FF /* ViewController.swift */,
				4D030C8D19F6AFDC00D396FF /* Main.storyboard */,
				4D030C9019F6AFDC00D396FF /* Images.xcassets */,
				4D030C9219F6AFDC00D396FF /* LaunchScreen.xib */,
				4D030C8719F6AFDB00D396FF /* Supporting Files */,
			);
			path = Postcard;
			sourceTree = "<group>";
		};
		4D030C8719F6AFDB00D396FF /* Supporting Files */ = {
			isa = PBXGroup;
			children = (
				4D030CAB19F6CAD600D396FF /* AlbertEinsteinStamp.jpg */,
				4D030CA919F6C58600D396FF /* SagradaFamilia.jpeg */,
				4D030C8819F6AFDC00D396FF /* Info.plist */,
			);
			name = "Supporting Files";
			sourceTree = "<group>";
		};
		4D030C9C19F6AFDC00D396FF /* PostcardTests */ = {
			isa = PBXGroup;
			children = (
				4D030C9F19F6AFDC00D396FF /* PostcardTests.swift */,
				4D030C9D19F6AFDC00D396FF /* Supporting Files */,
			);
			path = PostcardTests;
			sourceTree = "<group>";
		};
		4D030C9D19F6AFDC00D396FF /* Supporting Files */ = {
			isa = PBXGroup;
			children = (
				4D030C9E19F6AFDC00D396FF /* Info.plist */,
			);
			name = "Supporting Files";
			sourceTree = "<group>";
		};
/* End PBXGroup section */

/* Begin PBXNativeTarget section */
		4D030C8319F6AFDB00D396FF /* Postcard */ = {
			isa = PBXNativeTarget;
			buildConfigurationList = 4D030CA319F6AFDC00D396FF /* Build configuration list for PBXNativeTarget "Postcard" */;
			buildPhases = (
				4D030C8019F6AFDB00D396FF /* Sources */,
				4D030C8119F6AFDB00D396FF /* Frameworks */,
				4D030C8219F6AFDB00D396FF /* Resources */,
			);
			buildRules = (
			);
			dependencies = (
			);
			name = Postcard;
			productName = Postcard;
			productReference = 4D030C8419F6AFDB00D396FF /* Postcard.app */;
			productType = "com.apple.product-type.application";
		};
		4D030C9819F6AFDC00D396FF /* PostcardTests */ = {
			isa = PBXNativeTarget;
			buildConfigurationList = 4D030CA619F6AFDC00D396FF /* Build configuration list for PBXNativeTarget "PostcardTests" */;
			buildPhases = (
				4D030C9519F6AFDC00D396FF /* Sources */,
				4D030C9619F6AFDC00D396FF /* Frameworks */,
				4D030C9719F6AFDC00D396FF /* Resources */,
			);
			buildRules = (
			);
			dependencies = (
				4D030C9B19F6AFDC00D396FF /* PBXTargetDependency */,
			);
			name = PostcardTests;
			productName = PostcardTests;
			productReference = 4D030C9919F6AFDC00D396FF /* PostcardTests.xctest */;
			productType = "com.apple.product-type.bundle.unit-test";
		};
/* End PBXNativeTarget section */

/* Begin PBXProject section */
		4D030C7C19F6AFDB00D396FF /* Project object */ = {
			isa = PBXProject;
			attributes = {
				LastUpgradeCheck = 0610;
				ORGANIZATIONNAME = "Andreu Font Bardolet";
				TargetAttributes = {
					4D030C8319F6AFDB00D396FF = {
						CreatedOnToolsVersion = 6.1;
					};
					4D030C9819F6AFDC00D396FF = {
						CreatedOnToolsVersion = 6.1;
						TestTargetID = 4D030C8319F6AFDB00D396FF;
					};
				};
			};
			buildConfigurationList = 4D030C7F19F6AFDB00D396FF /* Build configuration list for PBXProject "Postcard" */;
			compatibilityVersion = "Xcode 3.2";
			developmentRegion = English;
			hasScannedForEncodings = 0;
			knownRegions = (
				en,
				Base,
			);
			mainGroup = 4D030C7B19F6AFDB00D396FF;
			productRefGroup = 4D030C8519F6AFDB00D396FF /* Products */;
			projectDirPath = "";
			projectRoot = "";
			targets = (
				4D030C8319F6AFDB00D396FF /* Postcard */,
				4D030C9819F6AFDC00D396FF /* PostcardTests */,
			);
		};
/* End PBXProject section */

/* Begin PBXResourcesBuildPhase section */
		4D030C8219F6AFDB00D396FF /* Resources */ = {
			isa = PBXResourcesBuildPhase;
			buildActionMask = 2147483647;
			files = (
				4D030C8F19F6AFDC00D396FF /* Main.storyboard in Resources */,
				4D030CAA19F6C58600D396FF /* SagradaFamilia.jpeg in Resources */,
				4D030CAC19F6CAD600D396FF /* AlbertEinsteinStamp.jpg in Resources */,
				4D030C9419F6AFDC00D396FF /* LaunchScreen.xib in Resources */,
				4D030C9119F6AFDC00D396FF /* Images.xcassets in Resources */,
			);
			runOnlyForDeploymentPostprocessing = 0;
		};
		4D030C9719F6AFDC00D396FF /* Resources */ = {
			isa = PBXResourcesBuildPhase;
			buildActionMask = 2147483647;
			files = (
			);
			runOnlyForDeploymentPostprocessing = 0;
		};
/* End PBXResourcesBuildPhase section */

/* Begin PBXSourcesBuildPhase section */
		4D030C8019F6AFDB00D396FF /* Sources */ = {
			isa = PBXSourcesBuildPhase;
			buildActionMask = 2147483647;
			files = (
				4D030C8C19F6AFDC00D396FF /* ViewController.swift in Sources */,
				4D030C8A19F6AFDC00D396FF /* AppDelegate.swift in Sources */,
			);
			runOnlyForDeploymentPostprocessing = 0;
		};
		4D030C9519F6AFDC00D396FF /* Sources */ = {
			isa = PBXSourcesBuildPhase;
			buildActionMask = 2147483647;
			files = (
				4D030CA019F6AFDC00D396FF /* PostcardTests.swift in Sources */,
			);
			runOnlyForDeploymentPostprocessing = 0;
		};
/* End PBXSourcesBuildPhase section */

/* Begin PBXTargetDependency section */
		4D030C9B19F6AFDC00D396FF /* PBXTargetDependency */ = {
			isa = PBXTargetDependency;
			target = 4D030C8319F6AFDB00D396FF /* Postcard */;
			targetProxy = 4D030C9A19F6AFDC00D396FF /* PBXContainerItemProxy */;
		};
/* End PBXTargetDependency section */

/* Begin PBXVariantGroup section */
		4D030C8D19F6AFDC00D396FF /* Main.storyboard */ = {
			isa = PBXVariantGroup;
			children = (
				4D030C8E19F6AFDC00D396FF /* Base */,
			);
			name = Main.storyboard;
			sourceTree = "<group>";
		};
		4D030C9219F6AFDC00D396FF /* LaunchScreen.xib */ = {
			isa = PBXVariantGroup;
			children = (
				4D030C9319F6AFDC00D396FF /* Base */,
			);
			name = LaunchScreen.xib;
			sourceTree = "<group>";
		};
/* End PBXVariantGroup section */

/* Begin XCBuildConfiguration section */
		4D030CA119F6AFDC00D396FF /* Debug */ = {
			isa = XCBuildConfiguration;
			buildSettings = {
				ALWAYS_SEARCH_USER_PATHS = NO;
				CLANG_CXX_LANGUAGE_STANDARD = "gnu++0x";
				CLANG_CXX_LIBRARY = "libc++";
				CLANG_ENABLE_MODULES = YES;
				CLANG_ENABLE_OBJC_ARC = YES;
				CLANG_WARN_BOOL_CONVERSION = YES;
				CLANG_WARN_CONSTANT_CONVERSION = YES;
				CLANG_WARN_DIRECT_OBJC_ISA_USAGE = YES_ERROR;
				CLANG_WARN_EMPTY_BODY = YES;
				CLANG_WARN_ENUM_CONVERSION = YES;
				CLANG_WARN_INT_CONVERSION = YES;
				CLANG_WARN_OBJC_ROOT_CLASS = YES_ERROR;
				CLANG_WARN_UNREACHABLE_CODE = YES;
				CLANG_WARN__DUPLICATE_METHOD_MATCH = YES;
				"CODE_SIGN_IDENTITY[sdk=iphoneos*]" = "iPhone Developer";
				COPY_PHASE_STRIP = NO;
				ENABLE_STRICT_OBJC_MSGSEND = YES;
				GCC_C_LANGUAGE_STANDARD = gnu99;
				GCC_DYNAMIC_NO_PIC = NO;
				GCC_OPTIMIZATION_LEVEL = 0;
				GCC_PREPROCESSOR_DEFINITIONS = (
					"DEBUG=1",
					"$(inherited)",
				);
				GCC_SYMBOLS_PRIVATE_EXTERN = NO;
				GCC_WARN_64_TO_32_BIT_CONVERSION = YES;
				GCC_WARN_ABOUT_RETURN_TYPE = YES_ERROR;
				GCC_WARN_UNDECLARED_SELECTOR = YES;
				GCC_WARN_UNINITIALIZED_AUTOS = YES_AGGRESSIVE;
				GCC_WARN_UNUSED_FUNCTION = YES;
				GCC_WARN_UNUSED_VARIABLE = YES;
				IPHONEOS_DEPLOYMENT_TARGET = 8.1;
				MTL_ENABLE_DEBUG_INFO = YES;
				ONLY_ACTIVE_ARCH = YES;
				SDKROOT = iphoneos;
				SWIFT_OPTIMIZATION_LEVEL = "-Onone";
				TARGETED_DEVICE_FAMILY = "1,2";
			};
			name = Debug;
		};
		4D030CA219F6AFDC00D396FF /* Release */ = {
			isa = XCBuildConfiguration;
			buildSettings = {
				ALWAYS_SEARCH_USER_PATHS = NO;
				CLANG_CXX_LANGUAGE_STANDARD = "gnu++0x";
				CLANG_CXX_LIBRARY = "libc++";
				CLANG_ENABLE_MODULES = YES;
				CLANG_ENABLE_OBJC_ARC = YES;
				CLANG_WARN_BOOL_CONVERSION = YES;
				CLANG_WARN_CONSTANT_CONVERSION = YES;
				CLANG_WARN_DIRECT_OBJC_ISA_USAGE = YES_ERROR;
				CLANG_WARN_EMPTY_BODY = YES;
				CLANG_WARN_ENUM_CONVERSION = YES;
				CLANG_WARN_INT_CONVERSION = YES;
				CLANG_WARN_OBJC_ROOT_CLASS = YES_ERROR;
				CLANG_WARN_UNREACHABLE_CODE = YES;
				CLANG_WARN__DUPLICATE_METHOD_MATCH = YES;
				"CODE_SIGN_IDENTITY[sdk=iphoneos*]" = "iPhone Developer";
				COPY_PHASE_STRIP = YES;
				ENABLE_NS_ASSERTIONS = NO;
				ENABLE_STRICT_OBJC_MSGSEND = YES;
				GCC_C_LANGUAGE_STANDARD = gnu99;
				GCC_WARN_64_TO_32_BIT_CONVERSION = YES;
				GCC_WARN_ABOUT_RETURN_TYPE = YES_ERROR;
				GCC_WARN_UNDECLARED_SELECTOR = YES;
				GCC_WARN_UNINITIALIZED_AUTOS = YES_AGGRESSIVE;
				GCC_WARN_UNUSED_FUNCTION = YES;
				GCC_WARN_UNUSED_VARIABLE = YES;
				IPHONEOS_DEPLOYMENT_TARGET = 8.1;
				MTL_ENABLE_DEBUG_INFO = NO;
				SDKROOT = iphoneos;
				TARGETED_DEVICE_FAMILY = "1,2";
				VALIDATE_PRODUCT = YES;
			};
			name = Release;
		};
		4D030CA419F6AFDC00D396FF /* Debug */ = {
			isa = XCBuildConfiguration;
			buildSettings = {
				ASSETCATALOG_COMPILER_APPICON_NAME = AppIcon;
				INFOPLIST_FILE = Postcard/Info.plist;
				LD_RUNPATH_SEARCH_PATHS = "$(inherited) @executable_path/Frameworks";
				PRODUCT_NAME = "$(TARGET_NAME)";
			};
			name = Debug;
		};
		4D030CA519F6AFDC00D396FF /* Release */ = {
			isa = XCBuildConfiguration;
			buildSettings = {
				ASSETCATALOG_COMPILER_APPICON_NAME = AppIcon;
				INFOPLIST_FILE = Postcard/Info.plist;
				LD_RUNPATH_SEARCH_PATHS = "$(inherited) @executable_path/Frameworks";
				PRODUCT_NAME = "$(TARGET_NAME)";
			};
			name = Release;
		};
		4D030CA719F6AFDC00D396FF /* Debug */ = {
			isa = XCBuildConfiguration;
			buildSettings = {
				BUNDLE_LOADER = "$(TEST_HOST)";
				FRAMEWORK_SEARCH_PATHS = (
					"$(SDKROOT)/Developer/Library/Frameworks",
					"$(inherited)",
				);
				GCC_PREPROCESSOR_DEFINITIONS = (
					"DEBUG=1",
					"$(inherited)",
				);
				INFOPLIST_FILE = PostcardTests/Info.plist;
				LD_RUNPATH_SEARCH_PATHS = "$(inherited) @executable_path/Frameworks @loader_path/Frameworks";
				PRODUCT_NAME = "$(TARGET_NAME)";
				TEST_HOST = "$(BUILT_PRODUCTS_DIR)/Postcard.app/Postcard";
			};
			name = Debug;
		};
		4D030CA819F6AFDC00D396FF /* Release */ = {
			isa = XCBuildConfiguration;
			buildSettings = {
				BUNDLE_LOADER = "$(TEST_HOST)";
				FRAMEWORK_SEARCH_PATHS = (
					"$(SDKROOT)/Developer/Library/Frameworks",
					"$(inherited)",
				);
				INFOPLIST_FILE = PostcardTests/Info.plist;
				LD_RUNPATH_SEARCH_PATHS = "$(inherited) @executable_path/Frameworks @loader_path/Frameworks";
				PRODUCT_NAME = "$(TARGET_NAME)";
				TEST_HOST = "$(BUILT_PRODUCTS_DIR)/Postcard.app/Postcard";
			};
			name = Release;
		};
/* End XCBuildConfiguration section */

/* Begin XCConfigurationList section */
		4D030C7F19F6AFDB00D396FF /* Build configuration list for PBXProject "Postcard" */ = {
			isa = XCConfigurationList;
			buildConfigurations = (
				4D030CA119F6AFDC00D396FF /* Debug */,
				4D030CA219F6AFDC00D396FF /* Release */,
			);
			defaultConfigurationIsVisible = 0;
			defaultConfigurationName = Release;
		};
		4D030CA319F6AFDC00D396FF /* Build configuration list for PBXNativeTarget "Postcard" */ = {
			isa = XCConfigurationList;
			buildConfigurations = (
				4D030CA419F6AFDC00D396FF /* Debug */,
				4D030CA519F6AFDC00D396FF /* Release */,
			);
			defaultConfigurationIsVisible = 0;
		};
		4D030CA619F6AFDC00D396FF /* Build configuration list for PBXNativeTarget "PostcardTests" */ = {
			isa = XCConfigurationList;
			buildConfigurations = (
				4D030CA719F6AFDC00D396FF /* Debug */,
				4D030CA819F6AFDC00D396FF /* Release */,
			);
			defaultConfigurationIsVisible = 0;
		};
/* End XCConfigurationList section */
	};
	rootObject = 4D030C7C19F6AFDB00D396FF /* Project object */;
}
